// !$*UTF8*$!
{
	archiveVersion = 1;
	classes = {
	};
	objectVersion = 50;
	objects = {

/* Begin PBXBuildFile section */
		9D61A149216804900038BB20 /* AppDelegate.swift in Sources */ = {isa = PBXBuildFile; fileRef = 9D61A148216804900038BB20 /* AppDelegate.swift */; };
		9D61A14B216804900038BB20 /* ViewController.swift in Sources */ = {isa = PBXBuildFile; fileRef = 9D61A14A216804900038BB20 /* ViewController.swift */; };
		9D61A14E216804900038BB20 /* Main.storyboard in Resources */ = {isa = PBXBuildFile; fileRef = 9D61A14C216804900038BB20 /* Main.storyboard */; };
		9D61A150216804940038BB20 /* Assets.xcassets in Resources */ = {isa = PBXBuildFile; fileRef = 9D61A14F216804940038BB20 /* Assets.xcassets */; };
		9D61A153216804940038BB20 /* LaunchScreen.storyboard in Resources */ = {isa = PBXBuildFile; fileRef = 9D61A151216804940038BB20 /* LaunchScreen.storyboard */; };
		9D61A15E216804940038BB20 /* PickViewsUITests.swift in Sources */ = {isa = PBXBuildFile; fileRef = 9D61A15D216804940038BB20 /* PickViewsUITests.swift */; };
/* End PBXBuildFile section */

/* Begin PBXContainerItemProxy section */
		9D61A15A216804940038BB20 /* PBXContainerItemProxy */ = {
			isa = PBXContainerItemProxy;
			containerPortal = 9D61A13D216804900038BB20 /* Project object */;
			proxyType = 1;
			remoteGlobalIDString = 9D61A144216804900038BB20;
			remoteInfo = PickViews;
		};
/* End PBXContainerItemProxy section */

/* Begin PBXFileReference section */
		9D61A145216804900038BB20 /* PickViews.app */ = {isa = PBXFileReference; explicitFileType = wrapper.application; includeInIndex = 0; path = PickViews.app; sourceTree = BUILT_PRODUCTS_DIR; };
		9D61A148216804900038BB20 /* AppDelegate.swift */ = {isa = PBXFileReference; lastKnownFileType = sourcecode.swift; path = AppDelegate.swift; sourceTree = "<group>"; };
		9D61A14A216804900038BB20 /* ViewController.swift */ = {isa = PBXFileReference; lastKnownFileType = sourcecode.swift; path = ViewController.swift; sourceTree = "<group>"; };
		9D61A14D216804900038BB20 /* Base */ = {isa = PBXFileReference; lastKnownFileType = file.storyboard; name = Base; path = Base.lproj/Main.storyboard; sourceTree = "<group>"; };
		9D61A14F216804940038BB20 /* Assets.xcassets */ = {isa = PBXFileReference; lastKnownFileType = folder.assetcatalog; path = Assets.xcassets; sourceTree = "<group>"; };
		9D61A152216804940038BB20 /* Base */ = {isa = PBXFileReference; lastKnownFileType = file.storyboard; name = Base; path = Base.lproj/LaunchScreen.storyboard; sourceTree = "<group>"; };
		9D61A154216804940038BB20 /* Info.plist */ = {isa = PBXFileReference; lastKnownFileType = text.plist.xml; path = Info.plist; sourceTree = "<group>"; };
		9D61A159216804940038BB20 /* PickViewsUITests.xctest */ = {isa = PBXFileReference; explicitFileType = wrapper.cfbundle; includeInIndex = 0; path = PickViewsUITests.xctest; sourceTree = BUILT_PRODUCTS_DIR; };
		9D61A15D216804940038BB20 /* PickViewsUITests.swift */ = {isa = PBXFileReference; lastKnownFileType = sourcecode.swift; path = PickViewsUITests.swift; sourceTree = "<group>"; };
		9D61A15F216804940038BB20 /* Info.plist */ = {isa = PBXFileReference; lastKnownFileType = text.plist.xml; path = Info.plist; sourceTree = "<group>"; };
/* End PBXFileReference section */

/* Begin PBXFrameworksBuildPhase section */
		9D61A142216804900038BB20 /* Frameworks */ = {
			isa = PBXFrameworksBuildPhase;
			buildActionMask = 2147483647;
			files = (
			);
			runOnlyForDeploymentPostprocessing = 0;
		};
		9D61A156216804940038BB20 /* Frameworks */ = {
			isa = PBXFrameworksBuildPhase;
			buildActionMask = 2147483647;
			files = (
			);
			runOnlyForDeploymentPostprocessing = 0;
		};
/* End PBXFrameworksBuildPhase section */

/* Begin PBXGroup section */
		9D61A13C216804900038BB20 = {
			isa = PBXGroup;
			children = (
				9D61A147216804900038BB20 /* PickViews */,
				9D61A15C216804940038BB20 /* PickViewsUITests */,
				9D61A146216804900038BB20 /* Products */,
			);
			sourceTree = "<group>";
		};
		9D61A146216804900038BB20 /* Products */ = {
			isa = PBXGroup;
			children = (
				9D61A145216804900038BB20 /* PickViews.app */,
				9D61A159216804940038BB20 /* PickViewsUITests.xctest */,
			);
			name = Products;
			sourceTree = "<group>";
		};
		9D61A147216804900038BB20 /* PickViews */ = {
			isa = PBXGroup;
			children = (
				9D61A148216804900038BB20 /* AppDelegate.swift */,
				9D61A14A216804900038BB20 /* ViewController.swift */,
				9D61A14C216804900038BB20 /* Main.storyboard */,
				9D61A14F216804940038BB20 /* Assets.xcassets */,
				9D61A151216804940038BB20 /* LaunchScreen.storyboard */,
				9D61A154216804940038BB20 /* Info.plist */,
			);
			path = PickViews;
			sourceTree = "<group>";
		};
		9D61A15C216804940038BB20 /* PickViewsUITests */ = {
			isa = PBXGroup;
			children = (
				9D61A15D216804940038BB20 /* PickViewsUITests.swift */,
				9D61A15F216804940038BB20 /* Info.plist */,
			);
			path = PickViewsUITests;
			sourceTree = "<group>";
		};
/* End PBXGroup section */

/* Begin PBXNativeTarget section */
		9D61A144216804900038BB20 /* PickViews */ = {
			isa = PBXNativeTarget;
			buildConfigurationList = 9D61A162216804940038BB20 /* Build configuration list for PBXNativeTarget "PickViews" */;
			buildPhases = (
				9D61A141216804900038BB20 /* Sources */,
				9D61A142216804900038BB20 /* Frameworks */,
				9D61A143216804900038BB20 /* Resources */,
			);
			buildRules = (
			);
			dependencies = (
			);
			name = PickViews;
			productName = PickViews;
			productReference = 9D61A145216804900038BB20 /* PickViews.app */;
			productType = "com.apple.product-type.application";
		};
		9D61A158216804940038BB20 /* PickViewsUITests */ = {
			isa = PBXNativeTarget;
			buildConfigurationList = 9D61A165216804940038BB20 /* Build configuration list for PBXNativeTarget "PickViewsUITests" */;
			buildPhases = (
				9D61A155216804940038BB20 /* Sources */,
				9D61A156216804940038BB20 /* Frameworks */,
				9D61A157216804940038BB20 /* Resources */,
			);
			buildRules = (
			);
			dependencies = (
				9D61A15B216804940038BB20 /* PBXTargetDependency */,
			);
			name = PickViewsUITests;
			productName = PickViewsUITests;
			productReference = 9D61A159216804940038BB20 /* PickViewsUITests.xctest */;
			productType = "com.apple.product-type.bundle.ui-testing";
		};
/* End PBXNativeTarget section */

/* Begin PBXProject section */
		9D61A13D216804900038BB20 /* Project object */ = {
			isa = PBXProject;
			attributes = {
				LastSwiftUpdateCheck = 0940;
				LastUpgradeCheck = 0940;
				ORGANIZATIONNAME = Jin;
				TargetAttributes = {
					9D61A144216804900038BB20 = {
						CreatedOnToolsVersion = 9.4.1;
					};
					9D61A158216804940038BB20 = {
						CreatedOnToolsVersion = 9.4.1;
						TestTargetID = 9D61A144216804900038BB20;
					};
				};
			};
			buildConfigurationList = 9D61A140216804900038BB20 /* Build configuration list for PBXProject "PickViews" */;
			compatibilityVersion = "Xcode 9.3";
			developmentRegion = en;
			hasScannedForEncodings = 0;
			knownRegions = (
				en,
				Base,
			);
			mainGroup = 9D61A13C216804900038BB20;
			productRefGroup = 9D61A146216804900038BB20 /* Products */;
			projectDirPath = "";
			projectRoot = "";
			targets = (
				9D61A144216804900038BB20 /* PickViews */,
				9D61A158216804940038BB20 /* PickViewsUITests */,
			);
		};
/* End PBXProject section */

/* Begin PBXResourcesBuildPhase section */
		9D61A143216804900038BB20 /* Resources */ = {
			isa = PBXResourcesBuildPhase;
			buildActionMask = 2147483647;
			files = (
				9D61A153216804940038BB20 /* LaunchScreen.storyboard in Resources */,
				9D61A150216804940038BB20 /* Assets.xcassets in Resources */,
				9D61A14E216804900038BB20 /* Main.storyboard in Resources */,
			);
			runOnlyForDeploymentPostprocessing = 0;
		};
		9D61A157216804940038BB20 /* Resources */ = {
			isa = PBXResourcesBuildPhase;
			buildActionMask = 2147483647;
			files = (
			);
			runOnlyForDeploymentPostprocessing = 0;
		};
/* End PBXResourcesBuildPhase section */

/* Begin PBXSourcesBuildPhase section */
		9D61A141216804900038BB20 /* Sources */ = {
			isa = PBXSourcesBuildPhase;
			buildActionMask = 2147483647;
			files = (
				9D61A14B216804900038BB20 /* ViewController.swift in Sources */,
				9D61A149216804900038BB20 /* AppDelegate.swift in Sources */,
			);
			runOnlyForDeploymentPostprocessing = 0;
		};
		9D61A155216804940038BB20 /* Sources */ = {
			isa = PBXSourcesBuildPhase;
			buildActionMask = 2147483647;
			files = (
				9D61A15E216804940038BB20 /* PickViewsUITests.swift in Sources */,
			);
			runOnlyForDeploymentPostprocessing = 0;
		};
/* End PBXSourcesBuildPhase section */

/* Begin PBXTargetDependency section */
		9D61A15B216804940038BB20 /* PBXTargetDependency */ = {
			isa = PBXTargetDependency;
			target = 9D61A144216804900038BB20 /* PickViews */;
			targetProxy = 9D61A15A216804940038BB20 /* PBXContainerItemProxy */;
		};
/* End PBXTargetDependency section */

/* Begin PBXVariantGroup section */
		9D61A14C216804900038BB20 /* Main.storyboard */ = {
			isa = PBXVariantGroup;
			children = (
				9D61A14D216804900038BB20 /* Base */,
			);
			name = Main.storyboard;
			sourceTree = "<group>";
		};
		9D61A151216804940038BB20 /* LaunchScreen.storyboard */ = {
			isa = PBXVariantGroup;
			children = (
				9D61A152216804940038BB20 /* Base */,
			);
			name = LaunchScreen.storyboard;
			sourceTree = "<group>";
		};
/* End PBXVariantGroup section */

/* Begin XCBuildConfiguration section */
		9D61A160216804940038BB20 /* Debug */ = {
			isa = XCBuildConfiguration;
			buildSettings = {
				ALWAYS_SEARCH_USER_PATHS = NO;
				CLANG_ANALYZER_NONNULL = YES;
				CLANG_ANALYZER_NUMBER_OBJECT_CONVERSION = YES_AGGRESSIVE;
				CLANG_CXX_LANGUAGE_STANDARD = "gnu++14";
				CLANG_CXX_LIBRARY = "libc++";
				CLANG_ENABLE_MODULES = YES;
				CLANG_ENABLE_OBJC_ARC = YES;
				CLANG_ENABLE_OBJC_WEAK = YES;
				CLANG_WARN_BLOCK_CAPTURE_AUTORELEASING = YES;
				CLANG_WARN_BOOL_CONVERSION = YES;
				CLANG_WARN_COMMA = YES;
				CLANG_WARN_CONSTANT_CONVERSION = YES;
				CLANG_WARN_DEPRECATED_OBJC_IMPLEMENTATIONS = YES;
				CLANG_WARN_DIRECT_OBJC_ISA_USAGE = YES_ERROR;
				CLANG_WARN_DOCUMENTATION_COMMENTS = YES;
				CLANG_WARN_EMPTY_BODY = YES;
				CLANG_WARN_ENUM_CONVERSION = YES;
				CLANG_WARN_INFINITE_RECURSION = YES;
				CLANG_WARN_INT_CONVERSION = YES;
				CLANG_WARN_NON_LITERAL_NULL_CONVERSION = YES;
				CLANG_WARN_OBJC_IMPLICIT_RETAIN_SELF = YES;
				CLANG_WARN_OBJC_LITERAL_CONVERSION = YES;
				CLANG_WARN_OBJC_ROOT_CLASS = YES_ERROR;
				CLANG_WARN_RANGE_LOOP_ANALYSIS = YES;
				CLANG_WARN_STRICT_PROTOTYPES = YES;
				CLANG_WARN_SUSPICIOUS_MOVE = YES;
				CLANG_WARN_UNGUARDED_AVAILABILITY = YES_AGGRESSIVE;
				CLANG_WARN_UNREACHABLE_CODE = YES;
				CLANG_WARN__DUPLICATE_METHOD_MATCH = YES;
				CODE_SIGN_IDENTITY = "iPhone Developer";
				COPY_PHASE_STRIP = NO;
				DEBUG_INFORMATION_FORMAT = dwarf;
				ENABLE_STRICT_OBJC_MSGSEND = YES;
				ENABLE_TESTABILITY = YES;
				GCC_C_LANGUAGE_STANDARD = gnu11;
				GCC_DYNAMIC_NO_PIC = NO;
				GCC_NO_COMMON_BLOCKS = YES;
				GCC_OPTIMIZATION_LEVEL = 0;
				GCC_PREPROCESSOR_DEFINITIONS = (
					"DEBUG=1",
					"$(inherited)",
				);
				GCC_WARN_64_TO_32_BIT_CONVERSION = YES;
				GCC_WARN_ABOUT_RETURN_TYPE = YES_ERROR;
				GCC_WARN_UNDECLARED_SELECTOR = YES;
				GCC_WARN_UNINITIALIZED_AUTOS = YES_AGGRESSIVE;
				GCC_WARN_UNUSED_FUNCTION = YES;
				GCC_WARN_UNUSED_VARIABLE = YES;
				IPHONEOS_DEPLOYMENT_TARGET = 11.4;
				MTL_ENABLE_DEBUG_INFO = YES;
				ONLY_ACTIVE_ARCH = YES;
				SDKROOT = iphoneos;
				SWIFT_ACTIVE_COMPILATION_CONDITIONS = DEBUG;
				SWIFT_OPTIMIZATION_LEVEL = "-Onone";
			};
			name = Debug;
		};
		9D61A161216804940038BB20 /* Release */ = {
			isa = XCBuildConfiguration;
			buildSettings = {
				ALWAYS_SEARCH_USER_PATHS = NO;
				CLANG_ANALYZER_NONNULL = YES;
				CLANG_ANALYZER_NUMBER_OBJECT_CONVERSION = YES_AGGRESSIVE;
				CLANG_CXX_LANGUAGE_STANDARD = "gnu++14";
				CLANG_CXX_LIBRARY = "libc++";
				CLANG_ENABLE_MODULES = YES;
				CLANG_ENABLE_OBJC_ARC = YES;
				CLANG_ENABLE_OBJC_WEAK = YES;
				CLANG_WARN_BLOCK_CAPTURE_AUTORELEASING = YES;
				CLANG_WARN_BOOL_CONVERSION = YES;
				CLANG_WARN_COMMA = YES;
				CLANG_WARN_CONSTANT_CONVERSION = YES;
				CLANG_WARN_DEPRECATED_OBJC_IMPLEMENTATIONS = YES;
				CLANG_WARN_DIRECT_OBJC_ISA_USAGE = YES_ERROR;
				CLANG_WARN_DOCUMENTATION_COMMENTS = YES;
				CLANG_WARN_EMPTY_BODY = YES;
				CLANG_WARN_ENUM_CONVERSION = YES;
				CLANG_WARN_INFINITE_RECURSION = YES;
				CLANG_WARN_INT_CONVERSION = YES;
				CLANG_WARN_NON_LITERAL_NULL_CONVERSION = YES;
				CLANG_WARN_OBJC_IMPLICIT_RETAIN_SELF = YES;
				CLANG_WARN_OBJC_LITERAL_CONVERSION = YES;
				CLANG_WARN_OBJC_ROOT_CLASS = YES_ERROR;
				CLANG_WARN_RANGE_LOOP_ANALYSIS = YES;
				CLANG_WARN_STRICT_PROTOTYPES = YES;
				CLANG_WARN_SUSPICIOUS_MOVE = YES;
				CLANG_WARN_UNGUARDED_AVAILABILITY = YES_AGGRESSIVE;
				CLANG_WARN_UNREACHABLE_CODE = YES;
				CLANG_WARN__DUPLICATE_METHOD_MATCH = YES;
				CODE_SIGN_IDENTITY = "iPhone Developer";
				COPY_PHASE_STRIP = NO;
				DEBUG_INFORMATION_FORMAT = "dwarf-with-dsym";
				ENABLE_NS_ASSERTIONS = NO;
				ENABLE_STRICT_OBJC_MSGSEND = YES;
				GCC_C_LANGUAGE_STANDARD = gnu11;
				GCC_NO_COMMON_BLOCKS = YES;
				GCC_WARN_64_TO_32_BIT_CONVERSION = YES;
				GCC_WARN_ABOUT_RETURN_TYPE = YES_ERROR;
				GCC_WARN_UNDECLARED_SELECTOR = YES;
				GCC_WARN_UNINITIALIZED_AUTOS = YES_AGGRESSIVE;
				GCC_WARN_UNUSED_FUNCTION = YES;
				GCC_WARN_UNUSED_VARIABLE = YES;
				IPHONEOS_DEPLOYMENT_TARGET = 11.4;
				MTL_ENABLE_DEBUG_INFO = NO;
				SDKROOT = iphoneos;
				SWIFT_COMPILATION_MODE = wholemodule;
				SWIFT_OPTIMIZATION_LEVEL = "-O";
				VALIDATE_PRODUCT = YES;
			};
			name = Release;
		};
		9D61A163216804940038BB20 /* Debug */ = {
			isa = XCBuildConfiguration;
			buildSettings = {
				ASSETCATALOG_COMPILER_APPICON_NAME = AppIcon;
				CODE_SIGN_STYLE = Automatic;
				DEVELOPMENT_TEAM = 7Q4KUR8YX8;
				INFOPLIST_FILE = PickViews/Info.plist;
				LD_RUNPATH_SEARCH_PATHS = (
					"$(inherited)",
					"@executable_path/Frameworks",
				);
				PRODUCT_BUNDLE_IDENTIFIER = Jin.PickViews;
				PRODUCT_NAME = "$(TARGET_NAME)";
				SWIFT_VERSION = 4.0;
				TARGETED_DEVICE_FAMILY = "1,2";
			};
			name = Debug;
		};
		9D61A164216804940038BB20 /* Release */ = {
			isa = XCBuildConfiguration;
			buildSettings = {
				ASSETCATALOG_COMPILER_APPICON_NAME = AppIcon;
				CODE_SIGN_STYLE = Automatic;
				DEVELOPMENT_TEAM = 7Q4KUR8YX8;
				INFOPLIST_FILE = PickViews/Info.plist;
				LD_RUNPATH_SEARCH_PATHS = (
					"$(inherited)",
					"@executable_path/Frameworks",
				);
				PRODUCT_BUNDLE_IDENTIFIER = Jin.PickViews;
				PRODUCT_NAME = "$(TARGET_NAME)";
				SWIFT_VERSION = 4.0;
				TARGETED_DEVICE_FAMILY = "1,2";
			};
			name = Release;
		};
		9D61A166216804940038BB20 /* Debug */ = {
			isa = XCBuildConfiguration;
			buildSettings = {
				ALWAYS_EMBED_SWIFT_STANDARD_LIBRARIES = YES;
				CODE_SIGN_STYLE = Automatic;
				DEVELOPMENT_TEAM = 7Q4KUR8YX8;
				INFOPLIST_FILE = PickViewsUITests/Info.plist;
				LD_RUNPATH_SEARCH_PATHS = (
					"$(inherited)",
					"@executable_path/Frameworks",
					"@loader_path/Frameworks",
				);
				PRODUCT_BUNDLE_IDENTIFIER = Jin.PickViewsUITests;
				PRODUCT_NAME = "$(TARGET_NAME)";
				SWIFT_VERSION = 4.0;
				TARGETED_DEVICE_FAMILY = "1,2";
				TEST_TARGET_NAME = PickViews;
			};
			name = Debug;
		};
		9D61A167216804940038BB20 /* Release */ = {
			isa = XCBuildConfiguration;
			buildSettings = {
				ALWAYS_EMBED_SWIFT_STANDARD_LIBRARIES = YES;
				CODE_SIGN_STYLE = Automatic;
				DEVELOPMENT_TEAM = 7Q4KUR8YX8;
				INFOPLIST_FILE = PickViewsUITests/Info.plist;
				LD_RUNPATH_SEARCH_PATHS = (
					"$(inherited)",
					"@executable_path/Frameworks",
					"@loader_path/Frameworks",
				);
				PRODUCT_BUNDLE_IDENTIFIER = Jin.PickViewsUITests;
				PRODUCT_NAME = "$(TARGET_NAME)";
				SWIFT_VERSION = 4.0;
				TARGETED_DEVICE_FAMILY = "1,2";
				TEST_TARGET_NAME = PickViews;
			};
			name = Release;
		};
/* End XCBuildConfiguration section */

/* Begin XCConfigurationList section */
		9D61A140216804900038BB20 /* Build configuration list for PBXProject "PickViews" */ = {
			isa = XCConfigurationList;
			buildConfigurations = (
				9D61A160216804940038BB20 /* Debug */,
				9D61A161216804940038BB20 /* Release */,
			);
			defaultConfigurationIsVisible = 0;
			defaultConfigurationName = Release;
		};
		9D61A162216804940038BB20 /* Build configuration list for PBXNativeTarget "PickViews" */ = {
			isa = XCConfigurationList;
			buildConfigurations = (
				9D61A163216804940038BB20 /* Debug */,
				9D61A164216804940038BB20 /* Release */,
			);
			defaultConfigurationIsVisible = 0;
			defaultConfigurationName = Release;
		};
		9D61A165216804940038BB20 /* Build configuration list for PBXNativeTarget "PickViewsUITests" */ = {
			isa = XCConfigurationList;
			buildConfigurations = (
				9D61A166216804940038BB20 /* Debug */,
				9D61A167216804940038BB20 /* Release */,
			);
			defaultConfigurationIsVisible = 0;
			defaultConfigurationName = Release;
		};
/* End XCConfigurationList section */
	};
	rootObject = 9D61A13D216804900038BB20 /* Project object */;
}
